# This file was autogenerated by Stack.
# You should not edit this file by hand.
# For more information, please see the documentation at:
#   https://docs.haskellstack.org/en/stable/lock_files

packages:
- completed:
    hackage: bifunctor-0.1.0.0@sha256:56dc996f4411a00b894640b4c0a3ef97f1b747825054765ab51db819b73285f9,1604
    pantry-tree:
      size: 323
      sha256: ea667cd346d6344d7211e962dcf63ca0232eae10909fff2dd9c43346fae68507
  original:
    hackage: bifunctor-0.1.0.0
snapshots:
- completed:
    size: 585393
    url: https://raw.githubusercontent.com/commercialhaskell/stackage-snapshots/master/lts/18/0.yaml
    sha256: c632012da648385b9fa3c29f4e0afd56ead299f1c5528ee789058be410e883c0
  original:
    url: https://raw.githubusercontent.com/commercialhaskell/stackage-snapshots/master/lts/18/0.yaml
